
Microsoft Visual Studio Solution File, Format Version 12.00
Project("{FAE04EC0-301F-11D3-BF4B-00C04F79EFBC}") = "ClassWork", "ClassWork\ClassWork.csproj", "{9B07E71F-7978-4860-ADFA-536170567E3D}"
EndProject
Project("{2150E333-8FDC-42A3-9474-1A3956D46DE8}") = "ClassWork_1", "ClassWork_1", "{5F92F8A7-6971-4286-84A7-83BB42C4D11B}"
EndProject
Project("{FAE04EC0-301F-11D3-BF4B-00C04F79EFBC}") = "ClassWork_One", "ClassWork_One\ClassWork_One.csproj", "{5B843477-5A07-42F8-B04A-1F1AEE54EA60}"
EndProject
Project("{2150E333-8FDC-42A3-9474-1A3956D46DE8}") = "Dars_11", "Dars_11", "{797FE8E0-729E-48B4-BE44-764B1D082B12}"
EndProject
Project("{FAE04EC0-301F-11D3-BF4B-00C04F79EFBC}") = "Dars_11", "Dars_11\Dars_11.csproj", "{F04A8BDE-0BDC-4DFD-A64C-163CF0DD65D1}"
EndProject
Project("{2150E333-8FDC-42A3-9474-1A3956D46DE8}") = "Dars_12", "Dars_12", "{F32B751A-A15F-4471-B898-DC95A05BC591}"
EndProject
Project("{FAE04EC0-301F-11D3-BF4B-00C04F79EFBC}") = "Dars_12", "Dars_12\Dars_12.csproj", "{5C1AAEB5-1968-4752-A2FE-3AB8D2482841}"
EndProject
Project("{2150E333-8FDC-42A3-9474-1A3956D46DE8}") = "Dars_13", "Dars_13", "{927AE94C-EE0D-4BFE-AF52-81015FFCB739}"
EndProject
Project("{FAE04EC0-301F-11D3-BF4B-00C04F79EFBC}") = "Dars_13", "Dars_13\Dars_13.csproj", "{94FEB7F9-102B-4184-9C9B-490B3F6F87B2}"
EndProject
Project("{2150E333-8FDC-42A3-9474-1A3956D46DE8}") = "Dars_14", "Dars_14", "{270AC013-89A6-4765-AA87-F3D4541FFBFE}"
EndProject
Project("{FAE04EC0-301F-11D3-BF4B-00C04F79EFBC}") = "Dars_14", "Dars_14\Dars_14.csproj", "{41102C3F-9352-40AA-BEDF-BB69452B02A7}"
EndProject
Project("{2150E333-8FDC-42A3-9474-1A3956D46DE8}") = "Dars_15", "Dars_15", "{E0FC406E-C51E-4416-A40A-EF33D178010D}"
EndProject
Project("{FAE04EC0-301F-11D3-BF4B-00C04F79EFBC}") = "Dars_15", "Dars_15\Dars_15.csproj", "{5BD6D221-6358-488A-A5EB-388E4925408E}"
EndProject
Project("{2150E333-8FDC-42A3-9474-1A3956D46DE8}") = "Dars_16", "Dars_16", "{C975244A-3F57-4D9B-B008-8182D8D36735}"
EndProject
Project("{FAE04EC0-301F-11D3-BF4B-00C04F79EFBC}") = "Dars_16", "Dars_16\Dars_16.csproj", "{9E936467-D937-4121-A95B-CE0FFA6722BE}"
EndProject
Project("{2150E333-8FDC-42A3-9474-1A3956D46DE8}") = "Dars_17", "Dars_17", "{86BB24F1-7605-4988-9EA1-7ADAB292621D}"
EndProject
Project("{FAE04EC0-301F-11D3-BF4B-00C04F79EFBC}") = "Dars_17", "Dars_17\Dars_17.csproj", "{624FF317-1BD7-4882-80B0-55927EC5D7F7}"
EndProject
Project("{2150E333-8FDC-42A3-9474-1A3956D46DE8}") = "Dars_18", "Dars_18", "{0122F379-B8E6-4CD7-A574-4DF34230C11D}"
EndProject
Project("{FAE04EC0-301F-11D3-BF4B-00C04F79EFBC}") = "Dars_18", "Dars_18\Dars_18.csproj", "{1AFDFD2F-E980-4635-AC0D-8739A0EB16EC}"
EndProject
Project("{2150E333-8FDC-42A3-9474-1A3956D46DE8}") = "Dars_19", "Dars_19", "{DEA084A9-C27A-48E1-A5C4-AA88718625E5}"
EndProject
Project("{FAE04EC0-301F-11D3-BF4B-00C04F79EFBC}") = "Dars_19", "Dars_19\Dars_19.csproj", "{1F54B7D0-BB99-42C7-ABA7-76D39D01F070}"
EndProject
Project("{2150E333-8FDC-42A3-9474-1A3956D46DE8}") = "Dars_20_Exam", "Dars_20_Exam", "{0083E021-F14A-4ACF-B3D9-6839955AAC28}"
EndProject
Project("{2150E333-8FDC-42A3-9474-1A3956D46DE8}") = "Dars_21", "Dars_21", "{5E3A7680-D25C-4D94-B6C8-7DE3980C011A}"
EndProject
Project("{FAE04EC0-301F-11D3-BF4B-00C04F79EFBC}") = "Dars_21", "Dars_21\Dars_21.csproj", "{B3D5FC02-6B2A-45AC-83B9-50CFDC3B460B}"
EndProject
Project("{2150E333-8FDC-42A3-9474-1A3956D46DE8}") = "Dars_22", "Dars_22", "{CA4F2910-F532-43B6-A1F7-0AE10FD78055}"
EndProject
Project("{FAE04EC0-301F-11D3-BF4B-00C04F79EFBC}") = "Dras_22", "Dras_22\Dras_22.csproj", "{6B8BE2E0-5327-412E-87A0-2786E7681A11}"
EndProject
Project("{2150E333-8FDC-42A3-9474-1A3956D46DE8}") = "Dars_23", "Dars_23", "{88FA1218-D126-443C-967C-0D3C7E0E8531}"
EndProject
Project("{FAE04EC0-301F-11D3-BF4B-00C04F79EFBC}") = "Dars_23", "Dars_23\Dars_23.csproj", "{368920B5-6BD1-41FB-8D57-9A3EA3FC52AE}"
EndProject
Project("{2150E333-8FDC-42A3-9474-1A3956D46DE8}") = "Dars_24", "Dars_24", "{3F3DB8F0-C1DC-4A07-916C-C6515FAED51C}"
EndProject
Project("{FAE04EC0-301F-11D3-BF4B-00C04F79EFBC}") = "Dars_24", "Dars_24\Dars_24.csproj", "{CA208ADF-A40D-4F8A-8874-A992EEE20342}"
EndProject
Project("{2150E333-8FDC-42A3-9474-1A3956D46DE8}") = "Dars_25", "Dars_25", "{0FDDA639-6107-428D-86F3-9BCACD9480C9}"
EndProject
Project("{FAE04EC0-301F-11D3-BF4B-00C04F79EFBC}") = "Dars_25", "Dars_25\Dars_25.csproj", "{029BB2C6-C556-43FF-B5F2-2642D263AC78}"
EndProject
Project("{2150E333-8FDC-42A3-9474-1A3956D46DE8}") = "Dars_26", "Dars_26", "{334296FB-F841-4AEB-A9B1-0FDA4FD9011B}"
EndProject
Project("{FAE04EC0-301F-11D3-BF4B-00C04F79EFBC}") = "Dars_26__24", "Dars_26__24\Dars_26__24.csproj", "{3D93CB99-6CDC-4B76-8A4C-06A42CF716C1}"
EndProject
Project("{2150E333-8FDC-42A3-9474-1A3956D46DE8}") = "Dars_27", "Dars_27", "{8DBCC41F-CAC0-45DE-9836-2DC5ED73D7C2}"
EndProject
Project("{FAE04EC0-301F-11D3-BF4B-00C04F79EFBC}") = "Dars_27_C25", "Dars_27_C25\Dars_27_C25.csproj", "{616C32BD-B7E3-463E-AAB1-05F88D83CC81}"
EndProject
Project("{2150E333-8FDC-42A3-9474-1A3956D46DE8}") = "Dars_28", "Dars_28", "{A8CFEA79-61AF-47AC-8613-8168DB961537}"
EndProject
Project("{FAE04EC0-301F-11D3-BF4B-00C04F79EFBC}") = "Dars_28_C26", "Dars_28_C26\Dars_28_C26.csproj", "{FDD6DD6F-4232-4AB9-9389-E335BF4F5886}"
EndProject
Project("{2150E333-8FDC-42A3-9474-1A3956D46DE8}") = "Dars_29", "Dars_29", "{8F63903F-8F1C-4DAF-A6F8-09404CB86FD7}"
EndProject
Project("{FAE04EC0-301F-11D3-BF4B-00C04F79EFBC}") = "Dars_29_C27", "Dars_29_C27\Dars_29_C27.csproj", "{3EF58023-C5CC-4954-B54B-B81CA44ADC7F}"
EndProject
Project("{2150E333-8FDC-42A3-9474-1A3956D46DE8}") = "Dars_30", "Dars_30", "{A036FE7A-05F4-4C72-8BE6-E7588AF56093}"
EndProject
Project("{FAE04EC0-301F-11D3-BF4B-00C04F79EFBC}") = "Dars_30_C28", "Dars_30_C28\Dars_30_C28.csproj", "{0C6AF237-1AE2-4ADE-9366-3DADD4EE6CCF}"
EndProject
Project("{2150E333-8FDC-42A3-9474-1A3956D46DE8}") = "Dars_31", "Dars_31", "{30751773-20D3-4372-B75F-5B6B3D85E15A}"
EndProject
Project("{2150E333-8FDC-42A3-9474-1A3956D46DE8}") = "Ptactice", "Ptactice", "{DD9A8715-5625-4987-9D83-5499DA2D6CB3}"
EndProject
Project("{FAE04EC0-301F-11D3-BF4B-00C04F79EFBC}") = "Practice", "Practice\Practice.csproj", "{E60E3735-C7DA-4E54-9E3A-DF5A62AD5A83}"
EndProject
Project("{FAE04EC0-301F-11D3-BF4B-00C04F79EFBC}") = "Dars_31_C29", "Dars_31_C29\Dars_31_C29.csproj", "{774F32B4-2A6C-45EB-89F5-628240EE741F}"
EndProject
Project("{2150E333-8FDC-42A3-9474-1A3956D46DE8}") = "Dars_32", "Dars_32", "{8E61D186-55A2-456B-9417-1429934A20BD}"
EndProject
Project("{2150E333-8FDC-42A3-9474-1A3956D46DE8}") = "Dars_33", "Dars_33", "{C19DE0A6-64ED-4D48-BF36-4434D06D9028}"
EndProject
Project("{FAE04EC0-301F-11D3-BF4B-00C04F79EFBC}") = "Dars_33_C29_2", "Dars_33_C29_2\Dars_33_C29_2.csproj", "{D1461E66-E4FF-48F3-A133-45086F58DB0C}"
EndProject
Project("{2150E333-8FDC-42A3-9474-1A3956D46DE8}") = "Dars_35", "Dars_35", "{5957ABBD-E433-4BA5-8733-6CFA825DE42E}"
EndProject
Project("{FAE04EC0-301F-11D3-BF4B-00C04F79EFBC}") = "Dars_35_C30", "Dars_35_C30\Dars_35_C30.csproj", "{8B0E2EE2-CC34-431F-AB80-A6C4B7E76B46}"
EndProject
Project("{2150E333-8FDC-42A3-9474-1A3956D46DE8}") = "Dars_36", "Dars_36", "{12AE5615-545D-451A-A8E8-EE0244E4F11B}"
EndProject
Project("{FAE04EC0-301F-11D3-BF4B-00C04F79EFBC}") = "Dars_36_C33", "Dars_36_C33\Dars_36_C33.csproj", "{A30D4BD4-194C-44FD-91CE-042BF8BF1249}"
EndProject
Project("{2150E333-8FDC-42A3-9474-1A3956D46DE8}") = "Dars_37", "Dars_37", "{3350D9CB-8041-42D9-8FE1-B279C00CB35B}"
EndProject
Project("{FAE04EC0-301F-11D3-BF4B-00C04F79EFBC}") = "Dars_37_C30", "Dars_37_C30\Dars_37_C30.csproj", "{11D421FB-AE95-4E9A-BDCC-22B548E53497}"
EndProject
Project("{2150E333-8FDC-42A3-9474-1A3956D46DE8}") = "Dars_38", "Dars_38", "{CDF08A36-EE07-4C11-AC85-19364F5B6747}"
EndProject
Project("{FAE04EC0-301F-11D3-BF4B-00C04F79EFBC}") = "TestBackend", "TestBackend\TestBackend.csproj", "{E5C46C68-26A0-45BE-BAD9-EBB3873C0D10}"
EndProject
Project("{FAE04EC0-301F-11D3-BF4B-00C04F79EFBC}") = "Test.Api", "Test.Api\Test.Api.csproj", "{D38D96CC-6D02-44E9-B3D8-A7BF4096424C}"
EndProject
Global
	GlobalSection(SolutionConfigurationPlatforms) = preSolution
		Debug|Any CPU = Debug|Any CPU
		Release|Any CPU = Release|Any CPU
	EndGlobalSection
	GlobalSection(ProjectConfigurationPlatforms) = postSolution
		{9B07E71F-7978-4860-ADFA-536170567E3D}.Debug|Any CPU.ActiveCfg = Debug|Any CPU
		{9B07E71F-7978-4860-ADFA-536170567E3D}.Debug|Any CPU.Build.0 = Debug|Any CPU
		{9B07E71F-7978-4860-ADFA-536170567E3D}.Release|Any CPU.ActiveCfg = Release|Any CPU
		{9B07E71F-7978-4860-ADFA-536170567E3D}.Release|Any CPU.Build.0 = Release|Any CPU
		{5B843477-5A07-42F8-B04A-1F1AEE54EA60}.Debug|Any CPU.ActiveCfg = Debug|Any CPU
		{5B843477-5A07-42F8-B04A-1F1AEE54EA60}.Debug|Any CPU.Build.0 = Debug|Any CPU
		{5B843477-5A07-42F8-B04A-1F1AEE54EA60}.Release|Any CPU.ActiveCfg = Release|Any CPU
		{5B843477-5A07-42F8-B04A-1F1AEE54EA60}.Release|Any CPU.Build.0 = Release|Any CPU
		{F04A8BDE-0BDC-4DFD-A64C-163CF0DD65D1}.Debug|Any CPU.ActiveCfg = Debug|Any CPU
		{F04A8BDE-0BDC-4DFD-A64C-163CF0DD65D1}.Debug|Any CPU.Build.0 = Debug|Any CPU
		{F04A8BDE-0BDC-4DFD-A64C-163CF0DD65D1}.Release|Any CPU.ActiveCfg = Release|Any CPU
		{F04A8BDE-0BDC-4DFD-A64C-163CF0DD65D1}.Release|Any CPU.Build.0 = Release|Any CPU
		{5C1AAEB5-1968-4752-A2FE-3AB8D2482841}.Debug|Any CPU.ActiveCfg = Debug|Any CPU
		{5C1AAEB5-1968-4752-A2FE-3AB8D2482841}.Debug|Any CPU.Build.0 = Debug|Any CPU
		{5C1AAEB5-1968-4752-A2FE-3AB8D2482841}.Release|Any CPU.ActiveCfg = Release|Any CPU
		{5C1AAEB5-1968-4752-A2FE-3AB8D2482841}.Release|Any CPU.Build.0 = Release|Any CPU
		{94FEB7F9-102B-4184-9C9B-490B3F6F87B2}.Debug|Any CPU.ActiveCfg = Debug|Any CPU
		{94FEB7F9-102B-4184-9C9B-490B3F6F87B2}.Debug|Any CPU.Build.0 = Debug|Any CPU
		{94FEB7F9-102B-4184-9C9B-490B3F6F87B2}.Release|Any CPU.ActiveCfg = Release|Any CPU
		{94FEB7F9-102B-4184-9C9B-490B3F6F87B2}.Release|Any CPU.Build.0 = Release|Any CPU
		{41102C3F-9352-40AA-BEDF-BB69452B02A7}.Debug|Any CPU.ActiveCfg = Debug|Any CPU
		{41102C3F-9352-40AA-BEDF-BB69452B02A7}.Debug|Any CPU.Build.0 = Debug|Any CPU
		{41102C3F-9352-40AA-BEDF-BB69452B02A7}.Release|Any CPU.ActiveCfg = Release|Any CPU
		{41102C3F-9352-40AA-BEDF-BB69452B02A7}.Release|Any CPU.Build.0 = Release|Any CPU
		{5BD6D221-6358-488A-A5EB-388E4925408E}.Debug|Any CPU.ActiveCfg = Debug|Any CPU
		{5BD6D221-6358-488A-A5EB-388E4925408E}.Debug|Any CPU.Build.0 = Debug|Any CPU
		{5BD6D221-6358-488A-A5EB-388E4925408E}.Release|Any CPU.ActiveCfg = Release|Any CPU
		{5BD6D221-6358-488A-A5EB-388E4925408E}.Release|Any CPU.Build.0 = Release|Any CPU
		{9E936467-D937-4121-A95B-CE0FFA6722BE}.Debug|Any CPU.ActiveCfg = Debug|Any CPU
		{9E936467-D937-4121-A95B-CE0FFA6722BE}.Debug|Any CPU.Build.0 = Debug|Any CPU
		{9E936467-D937-4121-A95B-CE0FFA6722BE}.Release|Any CPU.ActiveCfg = Release|Any CPU
		{9E936467-D937-4121-A95B-CE0FFA6722BE}.Release|Any CPU.Build.0 = Release|Any CPU
		{624FF317-1BD7-4882-80B0-55927EC5D7F7}.Debug|Any CPU.ActiveCfg = Debug|Any CPU
		{624FF317-1BD7-4882-80B0-55927EC5D7F7}.Debug|Any CPU.Build.0 = Debug|Any CPU
		{624FF317-1BD7-4882-80B0-55927EC5D7F7}.Release|Any CPU.ActiveCfg = Release|Any CPU
		{624FF317-1BD7-4882-80B0-55927EC5D7F7}.Release|Any CPU.Build.0 = Release|Any CPU
		{1AFDFD2F-E980-4635-AC0D-8739A0EB16EC}.Debug|Any CPU.ActiveCfg = Debug|Any CPU
		{1AFDFD2F-E980-4635-AC0D-8739A0EB16EC}.Debug|Any CPU.Build.0 = Debug|Any CPU
		{1AFDFD2F-E980-4635-AC0D-8739A0EB16EC}.Release|Any CPU.ActiveCfg = Release|Any CPU
		{1AFDFD2F-E980-4635-AC0D-8739A0EB16EC}.Release|Any CPU.Build.0 = Release|Any CPU
		{1F54B7D0-BB99-42C7-ABA7-76D39D01F070}.Debug|Any CPU.ActiveCfg = Debug|Any CPU
		{1F54B7D0-BB99-42C7-ABA7-76D39D01F070}.Debug|Any CPU.Build.0 = Debug|Any CPU
		{1F54B7D0-BB99-42C7-ABA7-76D39D01F070}.Release|Any CPU.ActiveCfg = Release|Any CPU
		{1F54B7D0-BB99-42C7-ABA7-76D39D01F070}.Release|Any CPU.Build.0 = Release|Any CPU
		{B3D5FC02-6B2A-45AC-83B9-50CFDC3B460B}.Debug|Any CPU.ActiveCfg = Debug|Any CPU
		{B3D5FC02-6B2A-45AC-83B9-50CFDC3B460B}.Debug|Any CPU.Build.0 = Debug|Any CPU
		{B3D5FC02-6B2A-45AC-83B9-50CFDC3B460B}.Release|Any CPU.ActiveCfg = Release|Any CPU
		{B3D5FC02-6B2A-45AC-83B9-50CFDC3B460B}.Release|Any CPU.Build.0 = Release|Any CPU
		{6B8BE2E0-5327-412E-87A0-2786E7681A11}.Debug|Any CPU.ActiveCfg = Debug|Any CPU
		{6B8BE2E0-5327-412E-87A0-2786E7681A11}.Debug|Any CPU.Build.0 = Debug|Any CPU
		{6B8BE2E0-5327-412E-87A0-2786E7681A11}.Release|Any CPU.ActiveCfg = Release|Any CPU
		{6B8BE2E0-5327-412E-87A0-2786E7681A11}.Release|Any CPU.Build.0 = Release|Any CPU
		{368920B5-6BD1-41FB-8D57-9A3EA3FC52AE}.Debug|Any CPU.ActiveCfg = Debug|Any CPU
		{368920B5-6BD1-41FB-8D57-9A3EA3FC52AE}.Debug|Any CPU.Build.0 = Debug|Any CPU
		{368920B5-6BD1-41FB-8D57-9A3EA3FC52AE}.Release|Any CPU.ActiveCfg = Release|Any CPU
		{368920B5-6BD1-41FB-8D57-9A3EA3FC52AE}.Release|Any CPU.Build.0 = Release|Any CPU
		{CA208ADF-A40D-4F8A-8874-A992EEE20342}.Debug|Any CPU.ActiveCfg = Debug|Any CPU
		{CA208ADF-A40D-4F8A-8874-A992EEE20342}.Debug|Any CPU.Build.0 = Debug|Any CPU
		{CA208ADF-A40D-4F8A-8874-A992EEE20342}.Release|Any CPU.ActiveCfg = Release|Any CPU
		{CA208ADF-A40D-4F8A-8874-A992EEE20342}.Release|Any CPU.Build.0 = Release|Any CPU
		{029BB2C6-C556-43FF-B5F2-2642D263AC78}.Debug|Any CPU.ActiveCfg = Debug|Any CPU
		{029BB2C6-C556-43FF-B5F2-2642D263AC78}.Debug|Any CPU.Build.0 = Debug|Any CPU
		{029BB2C6-C556-43FF-B5F2-2642D263AC78}.Release|Any CPU.ActiveCfg = Release|Any CPU
		{029BB2C6-C556-43FF-B5F2-2642D263AC78}.Release|Any CPU.Build.0 = Release|Any CPU
		{3D93CB99-6CDC-4B76-8A4C-06A42CF716C1}.Debug|Any CPU.ActiveCfg = Debug|Any CPU
		{3D93CB99-6CDC-4B76-8A4C-06A42CF716C1}.Debug|Any CPU.Build.0 = Debug|Any CPU
		{3D93CB99-6CDC-4B76-8A4C-06A42CF716C1}.Release|Any CPU.ActiveCfg = Release|Any CPU
		{3D93CB99-6CDC-4B76-8A4C-06A42CF716C1}.Release|Any CPU.Build.0 = Release|Any CPU
		{616C32BD-B7E3-463E-AAB1-05F88D83CC81}.Debug|Any CPU.ActiveCfg = Debug|Any CPU
		{616C32BD-B7E3-463E-AAB1-05F88D83CC81}.Debug|Any CPU.Build.0 = Debug|Any CPU
		{616C32BD-B7E3-463E-AAB1-05F88D83CC81}.Release|Any CPU.ActiveCfg = Release|Any CPU
		{616C32BD-B7E3-463E-AAB1-05F88D83CC81}.Release|Any CPU.Build.0 = Release|Any CPU
		{FDD6DD6F-4232-4AB9-9389-E335BF4F5886}.Debug|Any CPU.ActiveCfg = Debug|Any CPU
		{FDD6DD6F-4232-4AB9-9389-E335BF4F5886}.Debug|Any CPU.Build.0 = Debug|Any CPU
		{FDD6DD6F-4232-4AB9-9389-E335BF4F5886}.Release|Any CPU.ActiveCfg = Release|Any CPU
		{FDD6DD6F-4232-4AB9-9389-E335BF4F5886}.Release|Any CPU.Build.0 = Release|Any CPU
		{3EF58023-C5CC-4954-B54B-B81CA44ADC7F}.Debug|Any CPU.ActiveCfg = Debug|Any CPU
		{3EF58023-C5CC-4954-B54B-B81CA44ADC7F}.Debug|Any CPU.Build.0 = Debug|Any CPU
		{3EF58023-C5CC-4954-B54B-B81CA44ADC7F}.Release|Any CPU.ActiveCfg = Release|Any CPU
		{3EF58023-C5CC-4954-B54B-B81CA44ADC7F}.Release|Any CPU.Build.0 = Release|Any CPU
		{0C6AF237-1AE2-4ADE-9366-3DADD4EE6CCF}.Debug|Any CPU.ActiveCfg = Debug|Any CPU
		{0C6AF237-1AE2-4ADE-9366-3DADD4EE6CCF}.Debug|Any CPU.Build.0 = Debug|Any CPU
		{0C6AF237-1AE2-4ADE-9366-3DADD4EE6CCF}.Release|Any CPU.ActiveCfg = Release|Any CPU
		{0C6AF237-1AE2-4ADE-9366-3DADD4EE6CCF}.Release|Any CPU.Build.0 = Release|Any CPU
		{E60E3735-C7DA-4E54-9E3A-DF5A62AD5A83}.Debug|Any CPU.ActiveCfg = Debug|Any CPU
		{E60E3735-C7DA-4E54-9E3A-DF5A62AD5A83}.Debug|Any CPU.Build.0 = Debug|Any CPU
		{E60E3735-C7DA-4E54-9E3A-DF5A62AD5A83}.Release|Any CPU.ActiveCfg = Release|Any CPU
		{E60E3735-C7DA-4E54-9E3A-DF5A62AD5A83}.Release|Any CPU.Build.0 = Release|Any CPU
		{774F32B4-2A6C-45EB-89F5-628240EE741F}.Debug|Any CPU.ActiveCfg = Debug|Any CPU
		{774F32B4-2A6C-45EB-89F5-628240EE741F}.Debug|Any CPU.Build.0 = Debug|Any CPU
		{774F32B4-2A6C-45EB-89F5-628240EE741F}.Release|Any CPU.ActiveCfg = Release|Any CPU
		{774F32B4-2A6C-45EB-89F5-628240EE741F}.Release|Any CPU.Build.0 = Release|Any CPU
		{D1461E66-E4FF-48F3-A133-45086F58DB0C}.Debug|Any CPU.ActiveCfg = Debug|Any CPU
		{D1461E66-E4FF-48F3-A133-45086F58DB0C}.Debug|Any CPU.Build.0 = Debug|Any CPU
		{D1461E66-E4FF-48F3-A133-45086F58DB0C}.Release|Any CPU.ActiveCfg = Release|Any CPU
		{D1461E66-E4FF-48F3-A133-45086F58DB0C}.Release|Any CPU.Build.0 = Release|Any CPU
		{8B0E2EE2-CC34-431F-AB80-A6C4B7E76B46}.Debug|Any CPU.ActiveCfg = Debug|Any CPU
		{8B0E2EE2-CC34-431F-AB80-A6C4B7E76B46}.Debug|Any CPU.Build.0 = Debug|Any CPU
		{8B0E2EE2-CC34-431F-AB80-A6C4B7E76B46}.Release|Any CPU.ActiveCfg = Release|Any CPU
		{8B0E2EE2-CC34-431F-AB80-A6C4B7E76B46}.Release|Any CPU.Build.0 = Release|Any CPU
		{A30D4BD4-194C-44FD-91CE-042BF8BF1249}.Debug|Any CPU.ActiveCfg = Debug|Any CPU
		{A30D4BD4-194C-44FD-91CE-042BF8BF1249}.Debug|Any CPU.Build.0 = Debug|Any CPU
		{A30D4BD4-194C-44FD-91CE-042BF8BF1249}.Release|Any CPU.ActiveCfg = Release|Any CPU
		{A30D4BD4-194C-44FD-91CE-042BF8BF1249}.Release|Any CPU.Build.0 = Release|Any CPU
		{11D421FB-AE95-4E9A-BDCC-22B548E53497}.Debug|Any CPU.ActiveCfg = Debug|Any CPU
		{11D421FB-AE95-4E9A-BDCC-22B548E53497}.Debug|Any CPU.Build.0 = Debug|Any CPU
		{11D421FB-AE95-4E9A-BDCC-22B548E53497}.Release|Any CPU.ActiveCfg = Release|Any CPU
		{11D421FB-AE95-4E9A-BDCC-22B548E53497}.Release|Any CPU.Build.0 = Release|Any CPU
		{E5C46C68-26A0-45BE-BAD9-EBB3873C0D10}.Debug|Any CPU.ActiveCfg = Debug|Any CPU
		{E5C46C68-26A0-45BE-BAD9-EBB3873C0D10}.Debug|Any CPU.Build.0 = Debug|Any CPU
		{E5C46C68-26A0-45BE-BAD9-EBB3873C0D10}.Release|Any CPU.ActiveCfg = Release|Any CPU
		{E5C46C68-26A0-45BE-BAD9-EBB3873C0D10}.Release|Any CPU.Build.0 = Release|Any CPU
		{D38D96CC-6D02-44E9-B3D8-A7BF4096424C}.Debug|Any CPU.ActiveCfg = Debug|Any CPU
		{D38D96CC-6D02-44E9-B3D8-A7BF4096424C}.Debug|Any CPU.Build.0 = Debug|Any CPU
		{D38D96CC-6D02-44E9-B3D8-A7BF4096424C}.Release|Any CPU.ActiveCfg = Release|Any CPU
		{D38D96CC-6D02-44E9-B3D8-A7BF4096424C}.Release|Any CPU.Build.0 = Release|Any CPU
	EndGlobalSection
	GlobalSection(NestedProjects) = preSolution
		{5B843477-5A07-42F8-B04A-1F1AEE54EA60} = {5F92F8A7-6971-4286-84A7-83BB42C4D11B}
		{F04A8BDE-0BDC-4DFD-A64C-163CF0DD65D1} = {797FE8E0-729E-48B4-BE44-764B1D082B12}
		{5C1AAEB5-1968-4752-A2FE-3AB8D2482841} = {F32B751A-A15F-4471-B898-DC95A05BC591}
		{94FEB7F9-102B-4184-9C9B-490B3F6F87B2} = {927AE94C-EE0D-4BFE-AF52-81015FFCB739}
		{41102C3F-9352-40AA-BEDF-BB69452B02A7} = {270AC013-89A6-4765-AA87-F3D4541FFBFE}
		{5BD6D221-6358-488A-A5EB-388E4925408E} = {E0FC406E-C51E-4416-A40A-EF33D178010D}
		{9E936467-D937-4121-A95B-CE0FFA6722BE} = {C975244A-3F57-4D9B-B008-8182D8D36735}
		{624FF317-1BD7-4882-80B0-55927EC5D7F7} = {86BB24F1-7605-4988-9EA1-7ADAB292621D}
		{1AFDFD2F-E980-4635-AC0D-8739A0EB16EC} = {0122F379-B8E6-4CD7-A574-4DF34230C11D}
		{1F54B7D0-BB99-42C7-ABA7-76D39D01F070} = {DEA084A9-C27A-48E1-A5C4-AA88718625E5}
		{B3D5FC02-6B2A-45AC-83B9-50CFDC3B460B} = {5E3A7680-D25C-4D94-B6C8-7DE3980C011A}
		{6B8BE2E0-5327-412E-87A0-2786E7681A11} = {CA4F2910-F532-43B6-A1F7-0AE10FD78055}
		{368920B5-6BD1-41FB-8D57-9A3EA3FC52AE} = {88FA1218-D126-443C-967C-0D3C7E0E8531}
		{CA208ADF-A40D-4F8A-8874-A992EEE20342} = {3F3DB8F0-C1DC-4A07-916C-C6515FAED51C}
		{9B07E71F-7978-4860-ADFA-536170567E3D} = {5F92F8A7-6971-4286-84A7-83BB42C4D11B}
		{029BB2C6-C556-43FF-B5F2-2642D263AC78} = {0FDDA639-6107-428D-86F3-9BCACD9480C9}
		{3D93CB99-6CDC-4B76-8A4C-06A42CF716C1} = {334296FB-F841-4AEB-A9B1-0FDA4FD9011B}
		{616C32BD-B7E3-463E-AAB1-05F88D83CC81} = {8DBCC41F-CAC0-45DE-9836-2DC5ED73D7C2}
		{FDD6DD6F-4232-4AB9-9389-E335BF4F5886} = {A8CFEA79-61AF-47AC-8613-8168DB961537}
		{3EF58023-C5CC-4954-B54B-B81CA44ADC7F} = {8F63903F-8F1C-4DAF-A6F8-09404CB86FD7}
		{0C6AF237-1AE2-4ADE-9366-3DADD4EE6CCF} = {A036FE7A-05F4-4C72-8BE6-E7588AF56093}
		{DD9A8715-5625-4987-9D83-5499DA2D6CB3} = {30751773-20D3-4372-B75F-5B6B3D85E15A}
		{E60E3735-C7DA-4E54-9E3A-DF5A62AD5A83} = {DD9A8715-5625-4987-9D83-5499DA2D6CB3}
		{774F32B4-2A6C-45EB-89F5-628240EE741F} = {30751773-20D3-4372-B75F-5B6B3D85E15A}
		{D1461E66-E4FF-48F3-A133-45086F58DB0C} = {C19DE0A6-64ED-4D48-BF36-4434D06D9028}
		{8B0E2EE2-CC34-431F-AB80-A6C4B7E76B46} = {5957ABBD-E433-4BA5-8733-6CFA825DE42E}
		{A30D4BD4-194C-44FD-91CE-042BF8BF1249} = {12AE5615-545D-451A-A8E8-EE0244E4F11B}
		{11D421FB-AE95-4E9A-BDCC-22B548E53497} = {3350D9CB-8041-42D9-8FE1-B279C00CB35B}
		{E5C46C68-26A0-45BE-BAD9-EBB3873C0D10} = {CDF08A36-EE07-4C11-AC85-19364F5B6747}
		{D38D96CC-6D02-44E9-B3D8-A7BF4096424C} = {CDF08A36-EE07-4C11-AC85-19364F5B6747}
	EndGlobalSection
EndGlobal
